---
lockfileVersion: '9.0'

importers:

  .:
    configDependencies: {}
    packageManagerDependencies:
      pnpm:
        specifier: 12.10.1
        version: 12.10.1

packages:

  '@pnpm/exe.android-arm64@12.10.1':
    resolution: {integrity: sha512-CVTlHPwNvadQCJD9bGSMzWIhFX8QpjtqC2c27dhdnn/9iKzEjZ3qL62o3gHpKbIuo6qn4WxTKRoaokgNdReBig==}
    cpu: [arm64]
    os: [android]

  '@pnpm/exe.android-x64@12.10.1':
    resolution: {integrity: sha512-NFiYLIaodY7da0XIebwcU3JoP7IK/lzF7zgKSSP+9H+QcFnQ1GDfBkuBKCYJzZ+Xu0WH54neIPLBBCaOjaaauA==}
    cpu: [x64]
    os: [android]

  '@pnpm/exe.darwin-arm64@12.10.1':
    resolution: {integrity: sha512-0O8tdQ8ijlPJudXspLMTcitMkdBEz6uUflazL5uQE0WMs85oQIp0U+5hfEktMFB64QqEhjqlvvujTwbzdr9oMg==}
    cpu: [arm64]
    os: [darwin]

  '@pnpm/exe.darwin-x64@12.10.1':
    resolution: {integrity: sha512-ud+1/uZOKEo8P/AsPynOJc/LNwfI0j6WwCElibj71rU9l4nIBnsSn+wWTIPZPkZ4BBSH5+82azSnAARMyJ1lNA==}
    cpu: [x64]
    os: [darwin]

  '@pnpm/exe.freebsd-x64@12.10.1':
    resolution: {integrity: sha512-mj9PE5rf8uAfQQ2K66HSATMSut+lNiB4eSqFd5+azFVCMnxNSy/32xpZQJT21PhnN3Y4qbK+iKHe5nWAxSuRhw==}
    cpu: [x64]
    os: [freebsd]

  '@pnpm/exe.linux-arm64-musl@12.10.1':
    resolution: {integrity: sha512-xba+00wZJ8Um6rBJJjWl88uJj0tydB8dtomvjlCLvi0uL32vpa9CRP8Vv26FIXvbiZ1bo2RCzYt/eChxJVV52w==}
    cpu: [arm64]
    os: [linux]
    libc: [musl]

  '@pnpm/exe.linux-arm64@12.10.1':
    resolution: {integrity: sha512-oBdMp69ScC9UnniG4qZAQVr2fBDSXjm4yk/72vkEVyrlwS23yMxcRQl7Qdo3sgXPAygY6TWnPRKm4rXzjoyW7w==}
    cpu: [arm64]
    os: [linux]
    libc: [glibc]

  '@pnpm/exe.linux-ppc64@12.10.1':
    resolution: {integrity: sha512-Yyb3wu09h3c7mLme270uHFiVaAIUHC411Ru9LIU2BKUIstrGlXa9OqqVWoXaRgYRdFdOFknkwG7GNn6ygwLbnw==}
    cpu: [ppc64]
    os: [linux]
    libc: [glibc]

  '@pnpm/exe.linux-riscv64@12.10.1':
    resolution: {integrity: sha512-PdkeUFFkybknnGkWP0H22eMpIiS4OZXL5BcQzF4lh+vmrW3IaC2HOkbANKgot/PKO0Kl77pzA/6PKFxgbgfXIQ==}
    cpu: [riscv64]
    os: [linux]
    libc: [glibc]

  '@pnpm/exe.linux-s390x@12.10.1':
    resolution: {integrity: sha512-1okKuHKJwJPAbofDxfhZWAUxEWtee4ZSf7Pah8kcvocaJkf2WxFJ5KVTiNIvDml5GLidDQsgf7Pcf/WHbCak7Q==}
    cpu: [s390x]
    os: [linux]
    libc: [glibc]

  '@pnpm/exe.linux-x64-musl@12.10.1':
    resolution: {integrity: sha512-e6IqzVNkPa7srFKJKnY23uWJ+qz0LaRWiTUo/sHfFXRRMRzB5uNOr6qWWip/jqhdGwU91n9J7LrEYZ6e0tRczw==}
    cpu: [x64]
    os: [linux]
    libc: [musl]

  '@pnpm/exe.linux-x64@12.10.1':
    resolution: {integrity: sha512-ZByV0DRgWzGaDSjT5ddRBASdwz+r/qPMYh7o6RGmPQjtRGNFbSl94xY2DcAM8mqCOZJUUDtAXQ+wpBXcdpKlkg==}
    cpu: [x64]
    os: [linux]
    libc: [glibc]

  '@pnpm/exe.win32-arm64@12.10.1':
    resolution: {integrity: sha512-I7QZHcjioG7orFeCRUFUHByJ1G0zFPnAlaGGyrUvb6MGkv5oeNwNPl7t+Gp+7zHfnMcgLGJ1a+Wfim0IDw3lOw==}
    cpu: [arm64]
    os: [win32]

  '@pnpm/exe.win32-x64@12.10.1':
    resolution: {integrity: sha512-4WJFdp58EKlCj0zLobrXU0vpszSZIr4X/3y/uNbAQqGW0zE+VdruZB0gFc3L2kzsUzVwTYbaCn+XEhnCYSAlTg==}
    cpu: [x64]
    os: [win32]

  pnpm@12.10.1:
    resolution: {integrity: sha512-ukCjfrGjcNYP6oxM8dNkwTvMzvUY6YrSvO6VT1OdONo3RY5YJho/pV4GUjRQ6g//+fSXsTW+QfLBXBZCusrObA==}
    engines: {node: '>=18.*'}
    hasBin: true

snapshots:

  '@pnpm/exe.android-arm64@12.10.1':
    optional: true

  '@pnpm/exe.android-x64@12.10.1':
    optional: true

  '@pnpm/exe.darwin-arm64@12.10.1':
    optional: true

  '@pnpm/exe.darwin-x64@12.10.1':
    optional: true

  '@pnpm/exe.freebsd-x64@12.10.1':
    optional: true

  '@pnpm/exe.linux-arm64-musl@12.10.1':
    optional: true

  '@pnpm/exe.linux-arm64@12.10.1':
    optional: true

  '@pnpm/exe.linux-ppc64@12.10.1':
    optional: true

  '@pnpm/exe.linux-riscv64@12.10.1':
    optional: true

  '@pnpm/exe.linux-s390x@12.10.1':
    optional: true

  '@pnpm/exe.linux-x64-musl@12.10.1':
    optional: true

  '@pnpm/exe.linux-x64@12.10.1':
    optional: true

  '@pnpm/exe.win32-arm64@12.10.1':
    optional: true

  '@pnpm/exe.win32-x64@12.10.1':
    optional: true

  pnpm@12.10.1:
    optionalDependencies:
      '@pnpm/exe.android-arm64': 12.10.1
      '@pnpm/exe.android-x64': 12.10.1
      '@pnpm/exe.darwin-arm64': 12.10.1
      '@pnpm/exe.darwin-x64': 12.10.1
      '@pnpm/exe.freebsd-x64': 12.10.1
      '@pnpm/exe.linux-arm64': 12.10.1
      '@pnpm/exe.linux-arm64-musl': 12.10.1
      '@pnpm/exe.linux-ppc64': 12.10.1
      '@pnpm/exe.linux-riscv64': 12.10.1
      '@pnpm/exe.linux-s390x': 12.10.1
      '@pnpm/exe.linux-x64': 12.10.1
      '@pnpm/exe.linux-x64-musl': 12.10.1
      '@pnpm/exe.win32-arm64': 12.10.1
      '@pnpm/exe.win32-x64': 12.10.1

---
lockfileVersion: '9.0'

settings:
  autoInstallPeers: true
  excludeLinksFromLockfile: false

importers:

  .:
    devDependencies:
      '@hey-api/openapi-ts':
        specifier: 0.99.0
        version: 0.99.0(typescript@6.0.3)
      prettier:
        specifier: 3.9.9
        version: 3.9.9
      tsdown:
        specifier: 0.23.0
        version: 0.23.0(typescript@6.0.3)
      typescript:
        specifier: 6.0.3
        version: 6.0.3
      zod:
        specifier: ^4.6.5
        version: 4.6.5

packages:

  '@hey-api/codegen-core@0.9.1':
    resolution: {integrity: sha512-s97jL1dgTMuiMHv2BZ1X4Tgd99Mf9GOvGdNqNcGwIMmnR+PgYNoraj4Zvp134MKsNCap/m7k0r0vKKnl56pj4w==}
    engines: {node: '>=22.18.0'}

  '@hey-api/json-schema-ref-parser@1.4.4':
    resolution: {integrity: sha512-otmd+zCxbYVBIp/mlMTnGkvlNYLkVKgs3VOIq0kSnenhB1+fRwLPQIeSwyWM6E51oXhUedkYjVsVpkVexeuJOA==}
    engines: {node: '>=22.18.0'}

  '@hey-api/openapi-ts@0.99.0':
    resolution: {integrity: sha512-SePU/5oEWWkvUBYmvzdYRctseoLuskyhs4ET0RvLIcmzc8yLQoA2R+KtBIQ8bPsoSUB0m4E5SmBnl6aGSA0szQ==}
    engines: {node: '>=22.18.0'}
    hasBin: true
    peerDependencies:
      typescript: '>=5.5.3 || >=6.0.0 || 6.0.1-rc'

  '@hey-api/shared@0.5.0':
    resolution: {integrity: sha512-JN/j4Ebh4cJGYIQ5cwWuqe7GeSUyQoz7oC51WqyhKOcrejK6DKZMDkshc5d1eKTRuRL+rjozuRcoUaZZn2DGPw==}
    engines: {node: '>=22.18.0'}

  '@hey-api/spec-types@0.2.0':
    resolution: {integrity: sha512-ibQ8Is7evMavzr8GNyJCcTg975d8DpaMUyLmOrQ85UBdy1l6t1KuRAwgChAbesJsIlNV6gjmlXruWyegDX18Fg==}

  '@hey-api/types@0.1.4':
    resolution: {integrity: sha512-thWfawrDIP7wSI9ioT13I5soaaqB5vAPIiZmgD8PbeEVKNrkonc0N/Sjj97ezl7oQgusZmaNphGdMKipPO6IBg==}

  '@jsdevtools/ono@7.1.3':
    resolution: {integrity: sha512-4JQNk+3mVzK3xh2rqd6RB4J46qUR19azEHBneZyTZM+c456qOrbbM/5xcR8huNCCcbVt7+UmizG6GuUvPvKUYg==}

  '@lukeed/ms@2.0.2':
    resolution: {integrity: sha512-9I2Zn6+NJLfaGoz9jN3lpwDgAYvfGeNYdbAIjJOqzs4Tpc+VU3Jqq4IofSUBKajiDS8k9fZIg18/z13mpk1bsA==}
    engines: {node: '>=8'}

  '@oxc-project/types@0.151.0':
    resolution: {integrity: sha512-J1yXrIlNDZVzE3ada310xeAw7nH8yCAyLPuUIsjKatFPmfn5bS1oW+cM+QsGOtVWd5nhSpbwZWx/rue+r5Z+PA==}

  '@quansync/fs@1.1.0':
    resolution: {integrity: sha512-qAPG/t3HqML1TlN7sY/pTbEjzFVAKsMjNNMGheyDosro+kT4iw2KCUoHcVdmliwWjorm4elZbgNQyU2eD97eDg==}

  '@rolldown/binding-android-arm-eabi@1.2.11':
    resolution: {integrity: sha512-A5kXfGKvKWWZE0TtPrfsvT+q4Y5d1QG8gGUzpYjGydM+fARM9MuX90PrXYXe0XbsDVgyxxNzHo6giCj90bsFNw==}
    engines: {node: ^20.19.0 || >=22.12.0}
    cpu: [arm]
    os: [android]

  '@rolldown/binding-android-arm64@1.2.11':
    resolution: {integrity: sha512-z6cTycz+iJ4PVkuL4HHW4DfTfoeU/2nqYYuSOrTmH7yHK5Y0LCOnA03V4ZNxavyVaU1oOqUgIg2klN/s+USGOA==}
    engines: {node: ^20.19.0 || >=22.12.0}
    cpu: [arm64]
    os: [android]

  '@rolldown/binding-darwin-arm64@1.2.11':
    resolution: {integrity: sha512-jShvqNtP6vDC6/A5JOAzbVV+DkgHqhl/ScVCJEbt+TUY6QYz7YnXcrg3sLtFBniro0f/Ld50ZwCWA6f7KYD1nQ==}
    engines: {node: ^20.19.0 || >=22.12.0}
    cpu: [arm64]
    os: [darwin]

  '@rolldown/binding-darwin-x64@1.2.11':
    resolution: {integrity: sha512-f2i2xiNWq1Z1l2++q2fuhZRdLAT3aqxD6vRNm1RAxpUoBcdqNB3C0s1Bt+K+PbEx2F5F4gQp6hqKkphCY/xF9w==}
    engines: {node: ^20.19.0 || >=22.12.0}
    cpu: [x64]
    os: [darwin]

  '@rolldown/binding-freebsd-x64@1.2.11':
    resolution: {integrity: sha512-4Ir5FSOKIAMr4r0kExpt1s3bMgzJU3rA45AYOHtQpls0oNeqcYBKrWMlckrYH4KCfGLfkfn1tN1dmZPMVsdXow==}
    engines: {node: ^20.19.0 || >=22.12.0}
    cpu: [x64]
    os: [freebsd]

  '@rolldown/binding-linux-arm-gnueabihf@1.2.11':
    resolution: {integrity: sha512-/gnRDM+39BROzAN/k1OZjDPnDMcZxB/0EUxKjONO5yVkNEvlsoMDrxGNKgZi/ttFriS2gwlDNzB65pvNbFOXIQ==}
    engines: {node: ^20.19.0 || >=22.12.0}
    cpu: [arm]
    os: [linux]

  '@rolldown/binding-linux-arm64-gnu@1.2.11':
    resolution: {integrity: sha512-PFaK8HwvAHbaKbBcDNQihjMKYvFnA5hiENx/l5tphTDz1E0WFp32l0A7aq7lyUwGsRw/xSrNIy/gIK4thrSCrw==}
    engines: {node: ^20.19.0 || >=22.12.0}
    cpu: [arm64]
    os: [linux]
    libc: [glibc]

  '@rolldown/binding-linux-arm64-musl@1.2.11':
    resolution: {integrity: sha512-AskzJUIKRLPxkruR1wLKewGbOw+EYfU/9lOrBFj4AFrEA8hPpKFnODWNu2WLaNs0QNkEb9QIJufmVZZIL/bJlg==}
    engines: {node: ^20.19.0 || >=22.12.0}
    cpu: [arm64]
    os: [linux]
    libc: [musl]

  '@rolldown/binding-linux-ppc64-gnu@1.2.11':
    resolution: {integrity: sha512-qlUGAheh2yh8afH7QBgx0PrRHN85hKnNd78x8MeMhXivuevgd8vgf6/CstOzmNKY/lLTHvNTrPy98cLnAugzJw==}
    engines: {node: ^20.19.0 || >=22.12.0}
    cpu: [ppc64]
    os: [linux]
    libc: [glibc]

  '@rolldown/binding-linux-s390x-gnu@1.2.11':
    resolution: {integrity: sha512-secpEad+0vCbSfn8upFySkDskv+bGPk3THSDS9Y89yc4rb4kzqHp8Dmyd9BkQW4SnhNXBZCl/6CrO//hZahNJQ==}
    engines: {node: ^20.19.0 || >=22.12.0}
    cpu: [s390x]
    os: [linux]
    libc: [glibc]

  '@rolldown/binding-linux-x64-gnu@1.2.11':
    resolution: {integrity: sha512-mOVBT3dPpkWm8XBWPmU4bf+U6dYDLeMo/9ojUmis4N0L5uu10qra5vOyngZ7/PSdoE4G9KvRt4bloRxNjLas7A==}
    engines: {node: ^20.19.0 || >=22.12.0}
    cpu: [x64]
    os: [linux]
    libc: [glibc]

  '@rolldown/binding-linux-x64-musl@1.2.11':
    resolution: {integrity: sha512-Is78i9A8Ui4SqcxUwFJ9uMmjDn58IbVTjFWYdQestFEgeuEmHMLGNriXnVJKkwG2YiZjw8cP0zCTyDMdDGtOOg==}
    engines: {node: ^20.19.0 || >=22.12.0}
    cpu: [x64]
    os: [linux]
    libc: [musl]

  '@rolldown/binding-openharmony-arm64@1.2.11':
    resolution: {integrity: sha512-dUCXneZ87INUMyQ0D+C0HrEBNUPNXHaPmU5GTjyKTJEiussw9Kaj5Ln8UztPe4epV/ffvgNBEadksdYhmW6xJA==}
    engines: {node: ^20.19.0 || >=22.12.0}
    cpu: [arm64]
    os: [openharmony]

  '@rolldown/binding-win32-arm64-msvc@1.2.11':
    resolution: {integrity: sha512-jByxb6qfd+bH1xUd0qnfFnb17i9sWBPY2tOavJ0l3tdr3OTu+Kvtm8cd/JV5nFt657b1VqGltxg9olOEfofXWw==}
    engines: {node: ^20.19.0 || >=22.12.0}
    cpu: [arm64]
    os: [win32]

  '@rolldown/binding-win32-x64-msvc@1.2.11':
    resolution: {integrity: sha512-/PzKqzAJ03i19oy2ItPvyvaVjOjBCNnfaJs8yvUdGBKmiESgnrJSQ2awd81QzFbbnAmu7YO9ZnJrDCb9VSJPRA==}
    engines: {node: ^20.19.0 || >=22.12.0}
    cpu: [x64]
    os: [win32]

  '@rolldown/pluginutils@1.0.1':
    resolution: {integrity: sha512-2j9bGt5Jh8hj+vPtgzPtl72j0yRxHAyumoo6TNfAjsLB04UtpSvPbPcDcBMxz7n+9CYB0c1GxQFxYRg2jimqGw==}

  '@types/json-schema@7.0.15':
    resolution: {integrity: sha512-5+fP8P8MFNC+AyZCDxrB2pkZFPGzqQWUzpSeuuVLvm8VMcorNYavBqoFcxK8bQz4Qsbn4oUEEem4wDLfcysGHA==}

  '@yuku-codegen/binding-android-arm64@0.10.2':
    resolution: {integrity: sha512-Oc2KInVkPfUjEB4PeV6X0NvIoyYTzDe/WmqFrTwBqKs6YKnz4A7XwWQvJTb7M0rLz9a6WgpUUiiS5QKaCi4O/g==}
    cpu: [arm64]
    os: [android]

  '@yuku-codegen/binding-darwin-arm64@0.10.2':
    resolution: {integrity: sha512-3H7eNPIHJndUJXZ4QUGBPq1zC6RGcUZfm7bymJes+/N7wTVWUn1bxZ9JcozYHpkWQNm9f23G8YWbaHD9aYH72A==}
    cpu: [arm64]
    os: [darwin]

  '@yuku-codegen/binding-darwin-x64@0.10.2':
    resolution: {integrity: sha512-AJOUpR2s3LF9AWiiub/Uyc/UoXNTWcq8hK3cVI6fUSXtwh34dG21J6hRuNlO6JVJFTo4o3ScVvZOrh/YFfUEAA==}
    cpu: [x64]
    os: [darwin]

  '@yuku-codegen/binding-freebsd-x64@0.10.2':
    resolution: {integrity: sha512-ms7DcZu87u5CiK/wMwvpKAvAmtaqKjCQIXNweMLypG6qbuiaOMQf1jpbB5+j46xBcgCovo8TQMcv0bCQLKIL9w==}
    cpu: [x64]
    os: [freebsd]

  '@yuku-codegen/binding-linux-arm-gnu@0.10.2':
    resolution: {integrity: sha512-xJDpYAsKV5+eaiBhTYl05fvT6sst4PsCeuIFMRu9b0/WCSrNQPfCDtAQ5/MS6xNpsdujdZEPR+gmfWk3ZG5i3A==}
    cpu: [arm]
    os: [linux]
    libc: [glibc]

  '@yuku-codegen/binding-linux-arm-musl@0.10.2':
    resolution: {integrity: sha512-qfTkgd7AEx61l4K9VtXWCGTxc/fmXJ4ZheDz3i+/AAJUtg4sa0bPrc0VBxPggB/rayR8Z3+JfrBItuyanBJJ9Q==}
    cpu: [arm]
    os: [linux]
    libc: [musl]

  '@yuku-codegen/binding-linux-arm64-gnu@0.10.2':
    resolution: {integrity: sha512-4e6Mifm/4UdjtU3D8mATIrvgP+xEiH8xtQOjd0zpd72XKWT7ug3sdyhq2utkkZFP6BvYp7SgZrI+aR4VeIOHdw==}
    cpu: [arm64]
    os: [linux]
    libc: [glibc]

  '@yuku-codegen/binding-linux-arm64-musl@0.10.2':
    resolution: {integrity: sha512-RdsJrUfDYFVV3JOmWFUWwSu31fa1APn12xDeIKxgl/YWxrabwtxsDBNjF2561c7tmcbiewdCUvngqRs8AyGVLA==}
    cpu: [arm64]
    os: [linux]
    libc: [musl]

  '@yuku-codegen/binding-linux-x64-gnu@0.10.2':
    resolution: {integrity: sha512-mVzWimEPPreaPyXIUvxsHoJzvO7ckZ5j0LgQFHz04zQIRwt9A9T2hA7K5/jYjJKkMxWG/U2VjhGNwVhtyU+uqg==}
    cpu: [x64]
    os: [linux]
    libc: [glibc]

  '@yuku-codegen/binding-linux-x64-musl@0.10.2':
    resolution: {integrity: sha512-Y77fyISurmr2mvO1yeq3u+x/WJbACgPR4w+lzEVx30ViCxZzIGrZPRN1yEdZ9xUNPNsIO5thBHIdRNG+UGUG+Q==}
    cpu: [x64]
    os: [linux]
    libc: [musl]

  '@yuku-codegen/binding-win32-arm64@0.10.2':
    resolution: {integrity: sha512-1+tGLyG0u5YYy0lev4ck7/0sd8xJ9SZde0dLut7qLDPZV5WVTV8x6OxNXUne/PGuHZyO1vK+txPQzzHOyXHGSw==}
    cpu: [arm64]
    os: [win32]

  '@yuku-codegen/binding-win32-x64@0.10.2':
    resolution: {integrity: sha512-8a2SExRohRbwC0MY4VpOF0/RSckrJ2ASZqAor5/RYSJJaeadR93n10gZzcKT6pY9ukiSOIZCRKVRD2tH73T0qA==}
    cpu: [x64]
    os: [win32]

  '@yuku-parser/binding-android-arm64@0.10.2':
    resolution: {integrity: sha512-2VPBU9fRGRAQ2xPAvghnec3oou5Nrxm2Bezhf+13UMspAxQSkF/32r+ySKXSwIPA5/RivumDJDxAxc301Sgicw==}
    cpu: [arm64]
    os: [android]

  '@yuku-parser/binding-darwin-arm64@0.10.2':
    resolution: {integrity: sha512-LD+PMZE51tCYTOss5HBkm3/AE39MvcMDBfWJx7A4yDcjfNbAQDnHZKtzSOuqrswx+TQHY0ws5xn6+fWOwtmfBA==}
    cpu: [arm64]
    os: [darwin]

  '@yuku-parser/binding-darwin-x64@0.10.2':
    resolution: {integrity: sha512-mmZ8cND+AoIIMRERyMinlg5ApHxP23B9jH2B5wT7T+dliPa9rubLxneB/SUjFwyUjGaFnB5G7t4YvpfbO5zbkQ==}
    cpu: [x64]
    os: [darwin]

  '@yuku-parser/binding-freebsd-x64@0.10.2':
    resolution: {integrity: sha512-gVIjaaIddbRfAhHlC8N809wQWml7mxfSVnzaLtzGXObTeFTPAg/YVnQXt1UOhPM1ah5eG/8Y0RUlNpB4GVe7eQ==}
    cpu: [x64]
    os: [freebsd]

  '@yuku-parser/binding-linux-arm-gnu@0.10.2':
    resolution: {integrity: sha512-q/XPPQQAPdlw05aPj30ygBhekmQryGOwxVraBgApjKK8yY1kNQgqq6XCYLF1WHSee+lhxclrTO7W0/bt7dR1GA==}
    cpu: [arm]
    os: [linux]
    libc: [glibc]

  '@yuku-parser/binding-linux-arm-musl@0.10.2':
    resolution: {integrity: sha512-A+Cb0I1hFF4wilTQpWs79k1aNnj4B2tkrHx3zsuUNF9BtVY2zPZ4yeQEM/zjXrS/qJlNMZVK9NrWJjwdpnTrfg==}
    cpu: [arm]
    os: [linux]
    libc: [musl]

  '@yuku-parser/binding-linux-arm64-gnu@0.10.2':
    resolution: {integrity: sha512-aGNSzqIqqphFwAdIFwVvKIyXD1Iy3CxrEJVIZAT87Ecyi4vCmmDD2v2l9h+Gd3/wSy3JZlOI792LJbKAjyy9rQ==}
    cpu: [arm64]
    os: [linux]
    libc: [glibc]

  '@yuku-parser/binding-linux-arm64-musl@0.10.2':
    resolution: {integrity: sha512-Ddl1sF0rtuCXyHGSOV6dcmdx+ETv1iD+IVFqQuOjzkJZWclxJxdBWX6ZJMRtTiGqGUTbqLEKiTXxpR/Bvqk+2A==}
    cpu: [arm64]
    os: [linux]
    libc: [musl]

  '@yuku-parser/binding-linux-x64-gnu@0.10.2':
    resolution: {integrity: sha512-/nlcpR6IF5U+0m5L9wvAIXeQa2DT+BXuvqKDsTcOTlcc0B4dHNyqE5hTXsS4hAyimpy2ZK8A1zMNF5hTrjg2cg==}
    cpu: [x64]
    os: [linux]
    libc: [glibc]

  '@yuku-parser/binding-linux-x64-musl@0.10.2':
    resolution: {integrity: sha512-GX80dxTQD/M/OryyuxJcFzFENzry3cDFPvCFTyWogNWQH3fSHfMrNfpwpl1YzMos1eV9NygK5GSDG7VArQlb4w==}
    cpu: [x64]
    os: [linux]
    libc: [musl]

  '@yuku-parser/binding-win32-arm64@0.10.2':
    resolution: {integrity: sha512-agePQBV4VHewiGU0ACSjscZ/hJd283f9JfAF19Gf1rI5+wy5tTgx4GS36i0b3xim15AQ4RCpDRosEvhLZ4zAOw==}
    cpu: [arm64]
    os: [win32]

  '@yuku-parser/binding-win32-x64@0.10.2':
    resolution: {integrity: sha512-s8//CMpgL5+y1lvDCdyh1rwGI5+ytDJywFJRe1vnhI7n0j+caxshNucurikYLLVeQ2SYFex6aPrzgQxkabBQRA==}
    cpu: [x64]
    os: [win32]

  '@yuku-toolchain/types@0.10.2':
    resolution: {integrity: sha512-sSeo4SSSToiS+sSD+bwn/s94EEcaLJ7tG5LCp8gFYC1G5VzxzX7fqB6m9RU1yMD8KTpu6zdU/I1NlQf8hVBJ9Q==}

  ansi-colors@4.1.3:
    resolution: {integrity: sha512-/6w/C21Pm1A7aZitlI5Ni/2J6FFQN8i1Cvz3kHABAAbw93v/NlvKdVOqz7CCWz/3iv/JplRSEEZ83XION15ovw==}
    engines: {node: '>=6'}

  argparse@2.0.1:
    resolution: {integrity: sha512-8+9WqebbFzpX9OR+Wa6O29asIogeRMzcGtAINdpMHHyAg10f05aSFVBbcEqGf/PXw1EjAZ+q2/bEBg3DvurK3Q==}

  bundle-name@4.1.1:
    resolution: {integrity: sha512-DdH81/zPLVS11EUgWq3tEu/xn+EzljlMYooDNdzWEnFha3R3NBMpMV1UqYIpjYHV/SgpFKMIX1Oh7o06SjM/oA==}
    engines: {node: '>=18'}

  c12@3.3.4:
    resolution: {integrity: sha512-cM0ApFQSBXuourJejzwv/AuPRvAxordTyParRVcHjjtXirtkzM0uK2L9TTn9s0cXZbG7E55jCivRQzoxYmRAlA==}
    peerDependencies:
      magicast: '*'
    peerDependenciesMeta:
      magicast:
        optional: true

  cac@7.0.0:
    resolution: {integrity: sha512-tixWYgm5ZoOD+3g6UTea91eow5z6AAHaho3g0V9CNSNb45gM8SmflpAc+GRd1InC4AqN/07Unrgp56Y94N9hJQ==}
    engines: {node: '>=20.19.0'}

  chokidar@5.0.0:
    resolution: {integrity: sha512-TQMmc3w+5AxjpL8iIiwebF73dRDF4fBIieAqGn9RGCWaEVwQ6Fb2cGe31Yns0RRIzii5goJ1Y7xbMwo1TxMplw==}
    engines: {node: '>= 20.19.0'}

  color-support@1.1.3:
    resolution: {integrity: sha512-qiBjkpbMLO/HL68y+lh4q0/O1MZFj2RX6X/KmMa3+gJD3z+WwI1ZzDHysvqHGS3mP6mznPckpXmw1nI9cJjyRg==}
    hasBin: true

  commander@15.0.0:
    resolution: {integrity: sha512-z67u4ZhzCL/Tydu1lJARtEZYWbWaN7oYLHbsuzocr6y4N6WZAagG3RQ4FW61V1/0+jImpj293XfrcYnd1qxtPg==}
    engines: {node: '>=22.12.0'}

  confbox@0.2.4:
    resolution: {integrity: sha512-ysOGlgTFbN2/Y6Cg3Iye8YKulHw+R2fNXHrgSmXISQdMnomY6eNDprVdW9R5xBguEqI954+S6709UyiO7B+6OQ==}

  confbox@0.3.1:
    resolution: {integrity: sha512-cKUSoKa8YxFZZSmraVi7onONx3amu77ngK3kGpsYHDH7drPwCRkQE1RYMPlLRrMtnciRj274XNRxcHxnKmDSnA==}

  cross-spawn@7.0.6:
    resolution: {integrity: sha512-uV2QOWP2nWzsy2aMp8aRibhi9dlzF5Hgh5SHaB9OiTGEyDTiJJyx0uy51QXdyWbtAHNua4XJzUKca3OzKUd3vA==}
    engines: {node: '>= 8'}

  default-browser-id@5.0.1:
    resolution: {integrity: sha512-x1VCxdX4t+8wVfd1so/9w+vQ4vx7lKd2Qp5tDRutErwmR85OgmfX7RlLRMWafRMY7hbEiXIbudNrjOAPa/hL8Q==}
    engines: {node: '>=18'}

  default-browser@5.5.1:
    resolution: {integrity: sha512-m1pAzaJgZ/gssEqlOhJkPJp8Xly7QyW6xcrkUa2KKcDeDSEMP7X8xipU3snUcfisTQx0w1AGae+9UtJSfVnXGw==}
    engines: {node: '>=18'}

  define-lazy-prop@3.0.0:
    resolution: {integrity: sha512-N+MeXYoqr3pOgn8xfyRPREN7gHakLYjhsHhWGT3fWAiL4IkAt0iDw14QiiEm2bE30c5XX5q0FtAA3CK5f9/BUg==}
    engines: {node: '>=12'}

  defu@6.1.7:
    resolution: {integrity: sha512-7z22QmUWiQ/2d0KkdYmANbRUVABpZ9SNYyH5vx6PZ+nE5bcC0l7uFvEfHlyld/HcGBFTL536ClDt3DEcSlEJAQ==}

  destr@2.0.5:
    resolution: {integrity: sha512-ugFTXCtDZunbzasqBxrK93Ik/DRYsO6S/fedkWEMKqt04xZ4csmnmwGDBAb07QWNaGMAmnTIemsYZCksjATwsA==}

  dotenv@17.4.2:
    resolution: {integrity: sha512-nI4U3TottKAcAD9LLud4Cb7b2QztQMUEfHbvhTH09bqXTxnSie8WnjPALV/WMCrJZ6UV/qHJ6L03OqO3LcdYZw==}
    engines: {node: '>=12'}

  dts-resolver@3.0.0:
    resolution: {integrity: sha512-1T1f+z+4tl9XD+m+0HBgWoL/nm0bOIffyWaUuUSBlFg/86IWvfx+wjNaO/ybU0AJzG9/Mi5hBUgGV6zCmWEN7Q==}
    engines: {node: ^22.18.0 || >=24.0.0}
    peerDependencies:
      oxc-resolver: '>=11.0.0'
    peerDependenciesMeta:
      oxc-resolver:
        optional: true

  empathic@2.1.0:
    resolution: {integrity: sha512-AnfC1ATldl49/cvZdLPDjBfrRNwbDO05aibiOtzQu3qtlbJtomNLhF30HEtn/7iBz50dlMECqATo3fG0LrdEgw==}
    engines: {node: '>=14'}

  exsolve@1.1.1:
    resolution: {integrity: sha512-9U/jZUgjnSGyntRr6y5Muu1MJcwFl6kPu7k8qLF0IMNfLqvw0NZ4nnVDq0RVoZ0RvCyumib4Ez3KYrVfilrw+g==}

  fdir@6.5.0:
    resolution: {integrity: sha512-tIbYtZbucOs0BRGqPJkshJUYdL+SDH7dVM8gjy+ERp3WAUjLEFJE+02kanyHtwjWOnwrKYBiwAmM0p4kLJAnXg==}
    engines: {node: '>=12.0.0'}
    peerDependencies:
      picomatch: ^3 || ^4
    peerDependenciesMeta:
      picomatch:
        optional: true

  get-tsconfig@4.14.0:
    resolution: {integrity: sha512-yTb+8DXzDREzgvYmh6s9vHsSVCHeC0G3PI5bEXNBHtmshPnO+S5O7qgLEOn0I5QvMy6kpZN8K1NKGyilLb93wA==}

  get-tsconfig@5.0.0-beta.6:
    resolution: {integrity: sha512-X6fBC0pmImC70gvX2zm56go9hx0MyoGVdG0tUCkg/D+Xnh5TJsOZ7iDbOdI3PvmtrDxnu1YdDufpK2QJX1Meqw==}
    engines: {node: '>=20.20.0'}

  giget@3.3.1:
    resolution: {integrity: sha512-r+mvuDjrjMpsdw46Kmeydb8bdHm7wOKw8wNBtTndkjbPjgAp5oUJUxRE76wZFknxIPokfWvep2qSXK37aXE6zg==}
    hasBin: true

  hookable@6.1.2:
    resolution: {integrity: sha512-+abwxtiEA52GCVIsQqut3S/uKTbUwYIp4Pe/vv+6py5XiXBCqMZHg6pA6Y5qhgLSEys0/cYuPbO0z1QFj5ZCmg==}

  import-without-cache@0.4.1:
    resolution: {integrity: sha512-vXoV9PjKHEednCUu01e98TkImxy67e3BJXbTIOmIq4Hyzw3IAwYRcuPkfeTzJzwyyts4kjuA73x+pWJLc4f86A==}
    engines: {node: ^22.18.0 || >=24.0.0}

  is-docker@3.0.0:
    resolution: {integrity: sha512-eljcgEDlEns/7AXFosB5K/2nCM4P7FQPkGc/DWLy5rmFEWvZayGrik1d9/QIY5nJ4f9YsVvBkA6kJpHn9rISdQ==}
    engines: {node: ^12.20.0 || ^14.13.1 || >=16.0.0}
    hasBin: true

  is-in-ssh@1.0.0:
    resolution: {integrity: sha512-jYa6Q9rH90kR1vKB6NM7qqd1mge3Fx4Dhw5TVlK1MUBqhEOuCagrEHMevNuCcbECmXZ0ThXkRm+Ymr51HwEPAw==}
    engines: {node: '>=20'}

  is-inside-container@1.0.0:
    resolution: {integrity: sha512-KIYLCCJghfHZxqjYBE7rEy0OBuTd5xCHS7tHVgvCLkx7StIoaxwNW3hCALgEUjFfeRk+MG/Qxmp/vtETEF3tRA==}
    engines: {node: '>=14.16'}
    hasBin: true

  is-wsl@3.1.1:
    resolution: {integrity: sha512-e6rvdUCiQCAuumZslxRJWR/Doq4VpPR82kqclvcS0efgt430SlGIk05vdCN58+VrzgtIcfNODjozVielycD4Sw==}
    engines: {node: '>=16'}

  isexe@2.0.0:
    resolution: {integrity: sha512-RHxMLp9lnKHGHRng9QFhRCMbYAcVpn69smSGcq3f36xjgVVWThj4qqLbTLlq7Ssj8B+fIQ1EuCEGI2lKsyQeIw==}

  jiti@2.7.0:
    resolution: {integrity: sha512-AC/7JofJvZGrrneWNaEnJeOLUx+JlGt7tNa0wZiRPT4MY1wmfKjt2+6O2p2uz2+skll8OZZmJMNqeke7kKbNgQ==}
    hasBin: true

  js-yaml@4.2.0:
    resolution: {integrity: sha512-ePWsvanv0DWuDRsW8dnt+R4jQ31SCRCQ7hhNcPXZPsoBZiemuZNYGf7adZdqX2D86j6rvKp3RpCxVTSb8WQlOw==}
    hasBin: true

  obug@2.2.1:
    resolution: {integrity: sha512-XrsrhT5sybtKI6wakr2SPOlGZWWYbUXZ7a0jT8/QOeAPau+1X/bSegNe5YR75oJmEZQbKningirmGOEJCIk61Q==}
    engines: {node: '>=12.20.0'}

  obug@3.0.0:
    resolution: {integrity: sha512-5vvB5+W7ePv+p3uqxi+RcW1XAzLW0/hxt3/4X4Lc4qHudzOhmBiBwOY6DRob4WnanAEGvNcLjF+KNOufrUoEQw==}
    engines: {node: '>=12.20.0'}

  ohash@2.0.12:
    resolution: {integrity: sha512-65S/5gk9YSsaRjcyf7Nfa6h/d3E8/1gslpXfI4W7Dxn/oap8IKRuNT5VXkLQ1YFKIEg4apRY4Pj6aiwFzrDdmw==}

  open@11.0.0:
    resolution: {integrity: sha512-smsWv2LzFjP03xmvFoJ331ss6h+jixfA4UUV/Bsiyuu4YJPfN+FIQGOIiv4w9/+MoHkfkJ22UIaQWRVFRfH6Vw==}
    engines: {node: '>=20'}

  path-key@3.1.1:
    resolution: {integrity: sha512-ojmeN0qd+y0jszEtoY48r0Peq5dwMEkIlCOu6Q5f41lfkswXuKtYrhgoTpLnyIcHm24Uhqx+5Tqm2InSwLhE6Q==}
    engines: {node: '>=8'}

  pathe@2.0.3:
    resolution: {integrity: sha512-WUjGcAqP1gQacoQe+OBJsFA7Ld4DyXuUIjZ5cc75cLHvJ7dtNsTugphxIADwspS+AraAUePCKrSVtPLFj/F88w==}

  perfect-debounce@2.1.0:
    resolution: {integrity: sha512-LjgdTytVFXeUgtHZr9WYViYSM/g8MkcTPYDlPa3cDqMirHjKiSZPYd6DoL7pK8AJQr+uWkQvCjHNdiMqsrJs+g==}

  picomatch@4.0.7:
    resolution: {integrity: sha512-qcJu88Q2IWqJsDD529JKMdwGm/dvInW4HvQnRwiH9JtihJvzGOscDtHE3x1pBKeUOTysQ8kVmLnJ2kJu7yhcGA==}
    engines: {node: '>=12'}

  pkg-types@2.3.3:
    resolution: {integrity: sha512-j/lCFdcppV0JxWpCEITdbDltBxPP6cHT+yNJ6Go2OgoSA9518X847X9z0p6LtA4Nc16+eQzCZjRrWanTGvHJ5w==}

  powershell-utils@0.1.0:
    resolution: {integrity: sha512-dM0jVuXJPsDN6DvRpea484tCUaMiXWjuCn++HGTqUWzGDjv5tZkEZldAJ/UMlqRYGFrD/etByo4/xOuC/snX2A==}
    engines: {node: '>=20'}

  prettier@3.9.9:
    resolution: {integrity: sha512-Z/CJHIkdujO/OtN7nXUii0Rf3VT5SRuhjBA82Xvu2XhBUgX3nhP67T0LHceBdQLex7OOFGTox+Q5Yg8Jk2Qivg==}
    engines: {node: '>=14'}
    hasBin: true

  quansync@1.0.0:
    resolution: {integrity: sha512-5xZacEEufv3HSTPQuchrvV6soaiACMFnq1H8wkVioctoH3TRha9Sz66lOxRwPK/qZj7HPiSveih9yAyh98gvqA==}

  rc9@3.1.0:
    resolution: {integrity: sha512-ufjkNVzbRHKcCOmTahZkmVsyc3W+MSk3jY03m+a7tGHkIsdVMG9l10/3HvFbWkkKzY5VFp3pkRsIo/UYgmFL7Q==}

  readdirp@5.1.1:
    resolution: {integrity: sha512-Kko+Y5XQ6fM+Ce3dq3m9YGxnacYZYl9cA1wZjaF3Vbry2L3i1qVg8+CAgNPsXRArPMUMCaOR7oa9Nqntc43JKA==}
    engines: {node: '>= 20.19.0'}

  resolve-pkg-maps@1.0.0:
    resolution: {integrity: sha512-seS2Tj26TBVOC2NIc2rOe2y2ZO7efxITtLZcGSOnHHNOQ7CkiUBfw0Iw2ck6xkIhPwLhKNLS8BO+hEpngQlqzw==}

  rolldown-plugin-dts@0.28.6:
    resolution: {integrity: sha512-qKrFtBfRfR2hP233m7Ic9zf3wv6MSYdZghWKMdEO6dRYZGlNfINJAa1P5ZVvyHh3mrcd7IJQvIY8L9vnm+v5rQ==}
    engines: {node: ^22.18.0 || ^24.11.0 || >=26.0.0}
    peerDependencies:
      '@typescript/native-preview': '*'
      '@volar/typescript': ~2.4.0
      '@vue/language-core': ~3.2.0 || ~3.3.0
      rolldown: ^1.2.0
      typescript: ^5.0.0 || ^6.0.0 || ~7.0.0
      vue-tsc: ~3.2.0 || ~3.3.0
    peerDependenciesMeta:
      '@typescript/native-preview':
        optional: true
      '@volar/typescript':
        optional: true
      '@vue/language-core':
        optional: true
      typescript:
        optional: true
      vue-tsc:
        optional: true

  rolldown@1.2.11:
    resolution: {integrity: sha512-qpSwIyz0jHQq5qXBTNxFmE6664rJ7O+4TvPFOiOaBSrz8IOHc1koKKSqTM2H6u1UG1+TveuC6vaDHKXFOvb1Kw==}
    engines: {node: ^20.19.0 || >=22.12.0}
    hasBin: true

  run-applescript@7.1.0:
    resolution: {integrity: sha512-DPe5pVFaAsinSaV6QjQ6gdiedWDcRCbUuiQfQa2wmWV7+xC9bGulGI8+TdRmoFkAPaBXk8CrAbnlY2ISniJ47Q==}
    engines: {node: '>=18'}

  semver@7.8.4:
    resolution: {integrity: sha512-rUCObTnP32Q08R2uuIrt7r9PlEonuTmtuXYcW6s5kjdlj3xbnwe+21yXptAUYcMAABLkYYTtnmzb3w3EDZfueA==}
    engines: {node: '>=10'}
    hasBin: true

  shebang-command@2.0.0:
    resolution: {integrity: sha512-kHxr2zZpYtdmrN1qDjrrX/Z1rR1kG8Dx+gkpK1G4eXmvXswmcE1hTWBWYUzlraYw1/yZp6YuDY77YtvbN0dmDA==}
    engines: {node: '>=8'}

  shebang-regex@3.0.0:
    resolution: {integrity: sha512-7++dFhtcx3353uBaq8DDR4NuxBetBzC7ZQOhmTQInHEd6bSrXdiEyzCvG07Z44UYdLShWUyXt5M/yhz8ekcb1A==}
    engines: {node: '>=8'}

  tinyexec@1.3.1:
    resolution: {integrity: sha512-GCvB3aoys96IuDFBMcTB46JOR6mdMtAToqwiW8JlWhsoh1mhHi/xn9ss/Dg7N555GiJyEt2qzoG/NHCwM6h1EA==}
    engines: {node: '>=18'}

  tinyglobby@0.2.17:
    resolution: {integrity: sha512-wXR/dYpcqKmfWpEdZjiKJOwCNFndD0DMnrW/cYjVGttEkBfVgcLFHoNrlj47mjOVic9yyNu65alsgF4NQyTa2g==}
    engines: {node: '>=12.0.0'}

  tree-kill@1.2.2:
    resolution: {integrity: sha512-L0Orpi8qGpRG//Nd+H90vFB+3iHnue1zSSGmNOOCh1GLJ7rUKVwV2HvijphGQS2UmhUZewS9VgvxYIdgr+fG1A==}
    hasBin: true

  tsdown@0.23.0:
    resolution: {integrity: sha512-BaT+ep1xnj5hdyICLd5r5SYYE+TXnI1ATePLykv9vcKpHpFTWUWRH+x1AF/E2qcu3YB6+vI8IdyxIIIffEqw5Q==}
    engines: {node: ^22.18.0 || ^24.11.0 || >=26.0.0}
    hasBin: true
    peerDependencies:
      '@arethetypeswrong/core': ^0.18.1
      '@tsdown/css': 0.23.0
      '@tsdown/exe': 0.23.0
      '@vitejs/devtools': '*'
      publint: ^0.3.8
      tsx: '*'
      typescript: ^5.0.0 || ^6.0.0 || ^7.0.0
      unplugin-unused: '>=0.5.0'
      unrun: '*'
    peerDependenciesMeta:
      '@arethetypeswrong/core':
        optional: true
      '@tsdown/css':
        optional: true
      '@tsdown/exe':
        optional: true
      '@vitejs/devtools':
        optional: true
      publint:
        optional: true
      tsx:
        optional: true
      typescript:
        optional: true
      unplugin-unused:
        optional: true
      unrun:
        optional: true

  typescript@6.0.3:
    resolution: {integrity: sha512-y2TvuxSZPDyQakkFRPZHKFm+KKVqIisdg9/CZwm9ftvKXLP8NRWj38/ODjNbr43SsoXqNuAisEf1GdCxqWcdBw==}
    engines: {node: '>=14.17'}
    hasBin: true

  unconfig-core@7.5.0:
    resolution: {integrity: sha512-Su3FauozOGP44ZmKdHy2oE6LPjk51M/TRRjHv2HNCWiDvfvCoxC2lno6jevMA91MYAdCdwP05QnWdWpSbncX/w==}

  verkit@0.4.1:
    resolution: {integrity: sha512-mMVzj0TXExtVdlDEq+Mzp0eyOuyznNpFobNM3uAqe3HVm/Ps2c+u17BligMkZjZCA6EiXpoon8iRTer3iu40SQ==}
    engines: {node: '>=18.12.0'}

  which@2.0.2:
    resolution: {integrity: sha512-BLI3Tl1TW3Pvl70l3yq3Y64i+awpwXqsGBYWkkqMtnbXgrMD+yj7rhW0kuEDxzJaYXGjEW5ogapKNMEKNMjibA==}
    engines: {node: '>= 8'}
    hasBin: true

  wsl-utils@0.3.1:
    resolution: {integrity: sha512-g/eziiSUNBSsdDJtCLB8bdYEUMj4jR7AGeUo96p/3dTafgjHhpF4RiCFPiRILwjQoDXx5MqkBr4fwWtR3Ky4Wg==}
    engines: {node: '>=20'}

  yuku-ast@0.10.2:
    resolution: {integrity: sha512-UnG9mA6giglCvSErft2/40TVFX750Sj1xgwddPLpG7J7rlr/P1wPADg9G2RK+d/1tNLtRVoLdMMOMVBB9561TQ==}

  yuku-codegen@0.10.2:
    resolution: {integrity: sha512-hentl2dtrF6cPjiAirtkfxfFZBA6Hdm61UqRJ7cA0qrlDNMk9PZGOjw5w1mx3E0hu/6pHcJF4dJW+D0SXHPZOA==}

  yuku-parser@0.10.2:
    resolution: {integrity: sha512-CgaU0/PPjCAIEZ3WQroosOxTY3eeKldAN3h+vk8pMNz4+jl1CZzBR4pW+K/rRPF112VooCL5FdjJoiMNjDrL2A==}

  zod@4.6.5:
    resolution: {integrity: sha512-v5l/aFXZQeai4awLbOpSoHecE9UiMrnfx75tEXLjNonXVARxQ5mOeipTjROUchszUNCqnE+hqAMujRsRHsut2Q==}

snapshots:

  '@hey-api/codegen-core@0.9.1':
    dependencies:
      '@hey-api/types': 0.1.4
      ansi-colors: 4.1.3
      c12: 3.3.4
      color-support: 1.1.3
    transitivePeerDependencies:
      - magicast

  '@hey-api/json-schema-ref-parser@1.4.4':
    dependencies:
      '@jsdevtools/ono': 7.1.3
      '@types/json-schema': 7.0.15
      js-yaml: 4.2.0

  '@hey-api/openapi-ts@0.99.0(typescript@6.0.3)':
    dependencies:
      '@hey-api/codegen-core': 0.9.1
      '@hey-api/json-schema-ref-parser': 1.4.4
      '@hey-api/shared': 0.5.0
      '@hey-api/spec-types': 0.2.0
      '@hey-api/types': 0.1.4
      '@lukeed/ms': 2.0.2
      ansi-colors: 4.1.3
      color-support: 1.1.3
      commander: 15.0.0
      get-tsconfig: 4.14.0
      typescript: 6.0.3
    transitivePeerDependencies:
      - magicast

  '@hey-api/shared@0.5.0':
    dependencies:
      '@hey-api/codegen-core': 0.9.1
      '@hey-api/json-schema-ref-parser': 1.4.4
      '@hey-api/spec-types': 0.2.0
      '@hey-api/types': 0.1.4
      ansi-colors: 4.1.3
      cross-spawn: 7.0.6
      open: 11.0.0
      semver: 7.8.4
    transitivePeerDependencies:
      - magicast

  '@hey-api/spec-types@0.2.0':
    dependencies:
      '@hey-api/types': 0.1.4

  '@hey-api/types@0.1.4': {}

  '@jsdevtools/ono@7.1.3': {}

  '@lukeed/ms@2.0.2': {}

  '@oxc-project/types@0.151.0': {}

  '@quansync/fs@1.1.0':
    dependencies:
      quansync: 1.0.0

  '@rolldown/binding-android-arm-eabi@1.2.11':
    optional: true

  '@rolldown/binding-android-arm64@1.2.11':
    optional: true

  '@rolldown/binding-darwin-arm64@1.2.11':
    optional: true

  '@rolldown/binding-darwin-x64@1.2.11':
    optional: true

  '@rolldown/binding-freebsd-x64@1.2.11':
    optional: true

  '@rolldown/binding-linux-arm-gnueabihf@1.2.11':
    optional: true

  '@rolldown/binding-linux-arm64-gnu@1.2.11':
    optional: true

  '@rolldown/binding-linux-arm64-musl@1.2.11':
    optional: true

  '@rolldown/binding-linux-ppc64-gnu@1.2.11':
    optional: true

  '@rolldown/binding-linux-s390x-gnu@1.2.11':
    optional: true

  '@rolldown/binding-linux-x64-gnu@1.2.11':
    optional: true

  '@rolldown/binding-linux-x64-musl@1.2.11':
    optional: true

  '@rolldown/binding-openharmony-arm64@1.2.11':
    optional: true

  '@rolldown/binding-win32-arm64-msvc@1.2.11':
    optional: true

  '@rolldown/binding-win32-x64-msvc@1.2.11':
    optional: true

  '@rolldown/pluginutils@1.0.1': {}

  '@types/json-schema@7.0.15': {}

  '@yuku-codegen/binding-android-arm64@0.10.2':
    optional: true

  '@yuku-codegen/binding-darwin-arm64@0.10.2':
    optional: true

  '@yuku-codegen/binding-darwin-x64@0.10.2':
    optional: true

  '@yuku-codegen/binding-freebsd-x64@0.10.2':
    optional: true

  '@yuku-codegen/binding-linux-arm-gnu@0.10.2':
    optional: true

  '@yuku-codegen/binding-linux-arm-musl@0.10.2':
    optional: true

  '@yuku-codegen/binding-linux-arm64-gnu@0.10.2':
    optional: true

  '@yuku-codegen/binding-linux-arm64-musl@0.10.2':
    optional: true

  '@yuku-codegen/binding-linux-x64-gnu@0.10.2':
    optional: true

  '@yuku-codegen/binding-linux-x64-musl@0.10.2':
    optional: true

  '@yuku-codegen/binding-win32-arm64@0.10.2':
    optional: true

  '@yuku-codegen/binding-win32-x64@0.10.2':
    optional: true

  '@yuku-parser/binding-android-arm64@0.10.2':
    optional: true

  '@yuku-parser/binding-darwin-arm64@0.10.2':
    optional: true

  '@yuku-parser/binding-darwin-x64@0.10.2':
    optional: true

  '@yuku-parser/binding-freebsd-x64@0.10.2':
    optional: true

  '@yuku-parser/binding-linux-arm-gnu@0.10.2':
    optional: true

  '@yuku-parser/binding-linux-arm-musl@0.10.2':
    optional: true

  '@yuku-parser/binding-linux-arm64-gnu@0.10.2':
    optional: true

  '@yuku-parser/binding-linux-arm64-musl@0.10.2':
    optional: true

  '@yuku-parser/binding-linux-x64-gnu@0.10.2':
    optional: true

  '@yuku-parser/binding-linux-x64-musl@0.10.2':
    optional: true

  '@yuku-parser/binding-win32-arm64@0.10.2':
    optional: true

  '@yuku-parser/binding-win32-x64@0.10.2':
    optional: true

  '@yuku-toolchain/types@0.10.2': {}

  ansi-colors@4.1.3: {}

  argparse@2.0.1: {}

  bundle-name@4.1.1:
    dependencies:
      run-applescript: 7.1.0

  c12@3.3.4:
    dependencies:
      chokidar: 5.0.0
      confbox: 0.2.4
      defu: 6.1.7
      dotenv: 17.4.2
      exsolve: 1.1.1
      giget: 3.3.1
      jiti: 2.7.0
      ohash: 2.0.12
      pathe: 2.0.3
      perfect-debounce: 2.1.0
      pkg-types: 2.3.3
      rc9: 3.1.0

  cac@7.0.0: {}

  chokidar@5.0.0:
    dependencies:
      readdirp: 5.1.1

  color-support@1.1.3: {}

  commander@15.0.0: {}

  confbox@0.2.4: {}

  confbox@0.3.1: {}

  cross-spawn@7.0.6:
    dependencies:
      path-key: 3.1.1
      shebang-command: 2.0.0
      which: 2.0.2

  default-browser-id@5.0.1: {}

  default-browser@5.5.1:
    dependencies:
      bundle-name: 4.1.1
      default-browser-id: 5.0.1

  define-lazy-prop@3.0.0: {}

  defu@6.1.7: {}

  destr@2.0.5: {}

  dotenv@17.4.2: {}

  dts-resolver@3.0.0: {}

  empathic@2.1.0: {}

  exsolve@1.1.1: {}

  fdir@6.5.0(picomatch@4.0.7):
    optionalDependencies:
      picomatch: 4.0.7

  get-tsconfig@4.14.0:
    dependencies:
      resolve-pkg-maps: 1.0.0

  get-tsconfig@5.0.0-beta.6:
    dependencies:
      resolve-pkg-maps: 1.0.0

  giget@3.3.1: {}

  hookable@6.1.2: {}

  import-without-cache@0.4.1: {}

  is-docker@3.0.0: {}

  is-in-ssh@1.0.0: {}

  is-inside-container@1.0.0:
    dependencies:
      is-docker: 3.0.0

  is-wsl@3.1.1:
    dependencies:
      is-inside-container: 1.0.0

  isexe@2.0.0: {}

  jiti@2.7.0: {}

  js-yaml@4.2.0:
    dependencies:
      argparse: 2.0.1

  obug@2.2.1: {}

  obug@3.0.0: {}

  ohash@2.0.12: {}

  open@11.0.0:
    dependencies:
      default-browser: 5.5.1
      define-lazy-prop: 3.0.0
      is-in-ssh: 1.0.0
      is-inside-container: 1.0.0
      powershell-utils: 0.1.0
      wsl-utils: 0.3.1

  path-key@3.1.1: {}

  pathe@2.0.3: {}

  perfect-debounce@2.1.0: {}

  picomatch@4.0.7: {}

  pkg-types@2.3.3:
    dependencies:
      confbox: 0.3.1
      exsolve: 1.1.1
      pathe: 2.0.3

  powershell-utils@0.1.0: {}

  prettier@3.9.9: {}

  quansync@1.0.0: {}

  rc9@3.1.0:
    dependencies:
      defu: 6.1.7
      destr: 2.0.5

  readdirp@5.1.1: {}

  resolve-pkg-maps@1.0.0: {}

  rolldown-plugin-dts@0.28.6(rolldown@1.2.11)(typescript@6.0.3):
    dependencies:
      dts-resolver: 3.0.0
      get-tsconfig: 5.0.0-beta.6
      obug: 3.0.0
      rolldown: 1.2.11
      yuku-ast: 0.10.2
      yuku-codegen: 0.10.2
      yuku-parser: 0.10.2
    optionalDependencies:
      typescript: 6.0.3
    transitivePeerDependencies:
      - oxc-resolver

  rolldown@1.2.11:
    dependencies:
      '@oxc-project/types': 0.151.0
      '@rolldown/pluginutils': 1.0.1
    optionalDependencies:
      '@rolldown/binding-android-arm-eabi': 1.2.11
      '@rolldown/binding-android-arm64': 1.2.11
      '@rolldown/binding-darwin-arm64': 1.2.11
      '@rolldown/binding-darwin-x64': 1.2.11
      '@rolldown/binding-freebsd-x64': 1.2.11
      '@rolldown/binding-linux-arm-gnueabihf': 1.2.11
      '@rolldown/binding-linux-arm64-gnu': 1.2.11
      '@rolldown/binding-linux-arm64-musl': 1.2.11
      '@rolldown/binding-linux-ppc64-gnu': 1.2.11
      '@rolldown/binding-linux-s390x-gnu': 1.2.11
      '@rolldown/binding-linux-x64-gnu': 1.2.11
      '@rolldown/binding-linux-x64-musl': 1.2.11
      '@rolldown/binding-openharmony-arm64': 1.2.11
      '@rolldown/binding-win32-arm64-msvc': 1.2.11
      '@rolldown/binding-win32-x64-msvc': 1.2.11

  run-applescript@7.1.0: {}

  semver@7.8.4: {}

  shebang-command@2.0.0:
    dependencies:
      shebang-regex: 3.0.0

  shebang-regex@3.0.0: {}

  tinyexec@1.3.1: {}

  tinyglobby@0.2.17:
    dependencies:
      fdir: 6.5.0(picomatch@4.0.7)
      picomatch: 4.0.7

  tree-kill@1.2.2: {}

  tsdown@0.23.0(typescript@6.0.3):
    dependencies:
      cac: 7.0.0
      defu: 6.1.7
      empathic: 2.1.0
      hookable: 6.1.2
      import-without-cache: 0.4.1
      obug: 2.2.1
      picomatch: 4.0.7
      rolldown: 1.2.11
      rolldown-plugin-dts: 0.28.6(rolldown@1.2.11)(typescript@6.0.3)
      tinyexec: 1.3.1
      tinyglobby: 0.2.17
      tree-kill: 1.2.2
      unconfig-core: 7.5.0
      verkit: 0.4.1
    optionalDependencies:
      typescript: 6.0.3
    transitivePeerDependencies:
      - '@typescript/native-preview'
      - '@volar/typescript'
      - '@vue/language-core'
      - oxc-resolver
      - vue-tsc

  typescript@6.0.3: {}

  unconfig-core@7.5.0:
    dependencies:
      '@quansync/fs': 1.1.0
      quansync: 1.0.0

  verkit@0.4.1: {}

  which@2.0.2:
    dependencies:
      isexe: 2.0.0

  wsl-utils@0.3.1:
    dependencies:
      is-wsl: 3.1.1
      powershell-utils: 0.1.0

  yuku-ast@0.10.2:
    dependencies:
      '@yuku-toolchain/types': 0.10.2

  yuku-codegen@0.10.2:
    dependencies:
      '@yuku-toolchain/types': 0.10.2
    optionalDependencies:
      '@yuku-codegen/binding-android-arm64': 0.10.2
      '@yuku-codegen/binding-darwin-arm64': 0.10.2
      '@yuku-codegen/binding-darwin-x64': 0.10.2
      '@yuku-codegen/binding-freebsd-x64': 0.10.2
      '@yuku-codegen/binding-linux-arm-gnu': 0.10.2
      '@yuku-codegen/binding-linux-arm-musl': 0.10.2
      '@yuku-codegen/binding-linux-arm64-gnu': 0.10.2
      '@yuku-codegen/binding-linux-arm64-musl': 0.10.2
      '@yuku-codegen/binding-linux-x64-gnu': 0.10.2
      '@yuku-codegen/binding-linux-x64-musl': 0.10.2
      '@yuku-codegen/binding-win32-arm64': 0.10.2
      '@yuku-codegen/binding-win32-x64': 0.10.2

  yuku-parser@0.10.2:
    dependencies:
      '@yuku-toolchain/types': 0.10.2
      yuku-ast: 0.10.2
    optionalDependencies:
      '@yuku-parser/binding-android-arm64': 0.10.2
      '@yuku-parser/binding-darwin-arm64': 0.10.2
      '@yuku-parser/binding-darwin-x64': 0.10.2
      '@yuku-parser/binding-freebsd-x64': 0.10.2
      '@yuku-parser/binding-linux-arm-gnu': 0.10.2
      '@yuku-parser/binding-linux-arm-musl': 0.10.2
      '@yuku-parser/binding-linux-arm64-gnu': 0.10.2
      '@yuku-parser/binding-linux-arm64-musl': 0.10.2
      '@yuku-parser/binding-linux-x64-gnu': 0.10.2
      '@yuku-parser/binding-linux-x64-musl': 0.10.2
      '@yuku-parser/binding-win32-arm64': 0.10.2
      '@yuku-parser/binding-win32-x64': 0.10.2

  zod@4.6.5: {}
